
Microsoft Visual Studio Solution File, Format Version 12.00
# Visual Studio Version 16
VisualStudioVersion = 16.0.29009.5
MinimumVisualStudioVersion = 10.0.40219.1
Project("{2150E333-8FDC-42A3-9474-1A3956D46DE8}") = "src", "src", "{17DD091D-2C32-45D3-8EB5-1374BB8D8980}"
EndProject
Project("{9A19103F-16F7-4668-BE54-9A1E7A4F7556}") = "BrandUp.MongoDB", "src\BrandUp.MongoDB\BrandUp.MongoDB.csproj", "{33F154C3-EC25-4CC8-86EF-D2CEBBBB94F0}"
EndProject
Project("{2150E333-8FDC-42A3-9474-1A3956D46DE8}") = "test", "test", "{432FA819-2F7B-47E4-BC06-A51F8B567D87}"
EndProject
Project("{9A19103F-16F7-4668-BE54-9A1E7A4F7556}") = "BrandUp.MongoDB.Tests", "test\BrandUp.MongoDB.Tests\BrandUp.MongoDB.Tests.csproj", "{B1ECABF2-29BD-4A18-A379-BE01922E8EAC}"
EndProject
Project("{9A19103F-16F7-4668-BE54-9A1E7A4F7556}") = "BrandUp.MongoDB.Testing", "src\BrandUp.MongoDB.Testing\BrandUp.MongoDB.Testing.csproj", "{95E7F93C-0B5A-460A-8033-7450D4949AB9}"
EndProject
Project("{2150E333-8FDC-42A3-9474-1A3956D46DE8}") = "Solution Items", "Solution Items", "{AE050A88-397B-4718-A05C-ABD846B821C8}"
	ProjectSection(SolutionItems) = preProject
		README.md = README.md
	EndProjectSection
EndProject
Project("{9A19103F-16F7-4668-BE54-9A1E7A4F7556}") = "BrandUp.MongoDB.Testing.Tests", "test\BrandUp.MongoDB.Testing.Tests\BrandUp.MongoDB.Testing.Tests.csproj", "{96199A1D-8A7B-4FB2-AD24-10A5B4A576CD}"
EndProject
Project("{FAE04EC0-301F-11D3-BF4B-00C04F79EFBC}") = "MongoDB.Driver.Tests", "test\MongoDB.Driver.Tests\MongoDB.Driver.Tests.csproj", "{17CA235A-09A4-471E-972E-B7065CDC460D}"
EndProject
Global
	GlobalSection(SolutionConfigurationPlatforms) = preSolution
		Debug|Any CPU = Debug|Any CPU
		Release|Any CPU = Release|Any CPU
	EndGlobalSection
	GlobalSection(ProjectConfigurationPlatforms) = postSolution
		{33F154C3-EC25-4CC8-86EF-D2CEBBBB94F0}.Debug|Any CPU.ActiveCfg = Debug|Any CPU
		{33F154C3-EC25-4CC8-86EF-D2CEBBBB94F0}.Debug|Any CPU.Build.0 = Debug|Any CPU
		{33F154C3-EC25-4CC8-86EF-D2CEBBBB94F0}.Release|Any CPU.ActiveCfg = Release|Any CPU
		{33F154C3-EC25-4CC8-86EF-D2CEBBBB94F0}.Release|Any CPU.Build.0 = Release|Any CPU
		{B1ECABF2-29BD-4A18-A379-BE01922E8EAC}.Debug|Any CPU.ActiveCfg = Debug|Any CPU
		{B1ECABF2-29BD-4A18-A379-BE01922E8EAC}.Debug|Any CPU.Build.0 = Debug|Any CPU
		{B1ECABF2-29BD-4A18-A379-BE01922E8EAC}.Release|Any CPU.ActiveCfg = Release|Any CPU
		{B1ECABF2-29BD-4A18-A379-BE01922E8EAC}.Release|Any CPU.Build.0 = Release|Any CPU
		{95E7F93C-0B5A-460A-8033-7450D4949AB9}.Debug|Any CPU.ActiveCfg = Debug|Any CPU
		{95E7F93C-0B5A-460A-8033-7450D4949AB9}.Debug|Any CPU.Build.0 = Debug|Any CPU
		{95E7F93C-0B5A-460A-8033-7450D4949AB9}.Release|Any CPU.ActiveCfg = Release|Any CPU
		{95E7F93C-0B5A-460A-8033-7450D4949AB9}.Release|Any CPU.Build.0 = Release|Any CPU
		{96199A1D-8A7B-4FB2-AD24-10A5B4A576CD}.Debug|Any CPU.ActiveCfg = Debug|Any CPU
		{96199A1D-8A7B-4FB2-AD24-10A5B4A576CD}.Debug|Any CPU.Build.0 = Debug|Any CPU
		{96199A1D-8A7B-4FB2-AD24-10A5B4A576CD}.Release|Any CPU.ActiveCfg = Release|Any CPU
		{96199A1D-8A7B-4FB2-AD24-10A5B4A576CD}.Release|Any CPU.Build.0 = Release|Any CPU
		{17CA235A-09A4-471E-972E-B7065CDC460D}.Debug|Any CPU.ActiveCfg = Debug|Any CPU
		{17CA235A-09A4-471E-972E-B7065CDC460D}.Debug|Any CPU.Build.0 = Debug|Any CPU
		{17CA235A-09A4-471E-972E-B7065CDC460D}.Release|Any CPU.ActiveCfg = Release|Any CPU
		{17CA235A-09A4-471E-972E-B7065CDC460D}.Release|Any CPU.Build.0 = Release|Any CPU
	EndGlobalSection
	GlobalSection(SolutionProperties) = preSolution
		HideSolutionNode = FALSE
	EndGlobalSection
	GlobalSection(NestedProjects) = preSolution
		{33F154C3-EC25-4CC8-86EF-D2CEBBBB94F0} = {17DD091D-2C32-45D3-8EB5-1374BB8D8980}
		{B1ECABF2-29BD-4A18-A379-BE01922E8EAC} = {432FA819-2F7B-47E4-BC06-A51F8B567D87}
		{95E7F93C-0B5A-460A-8033-7450D4949AB9} = {17DD091D-2C32-45D3-8EB5-1374BB8D8980}
		{96199A1D-8A7B-4FB2-AD24-10A5B4A576CD} = {432FA819-2F7B-47E4-BC06-A51F8B567D87}
		{17CA235A-09A4-471E-972E-B7065CDC460D} = {432FA819-2F7B-47E4-BC06-A51F8B567D87}
	EndGlobalSection
	GlobalSection(ExtensibilityGlobals) = postSolution
		SolutionGuid = {4167130E-7E0B-401A-9C69-B84D8D0A532E}
	EndGlobalSection
EndGlobal
